
Microsoft Visual Studio Solution File, Format Version 12.00
# Visual Studio Version 16
VisualStudioVersion = 16.0.32228.343
MinimumVisualStudioVersion = 10.0.40219.1
Project("{FAE04EC0-301F-11D3-BF4B-00C04F79EFBC}") = "Homework1", "Homework1\Homework1.csproj", "{EA86BFB7-4E68-49DA-B4DD-9BDE5E8C795D}"
EndProject
Global
	GlobalSection(SolutionConfigurationPlatforms) = preSolution
		Debug|Any CPU = Debug|Any CPU
		Release|Any CPU = Release|Any CPU
	EndGlobalSection
	GlobalSection(ProjectConfigurationPlatforms) = postSolution
		{EA86BFB7-4E68-49DA-B4DD-9BDE5E8C795D}.Debug|Any CPU.ActiveCfg = Debug|Any CPU
		{EA86BFB7-4E68-49DA-B4DD-9BDE5E8C795D}.Debug|Any CPU.Build.0 = Debug|Any CPU
		{EA86BFB7-4E68-49DA-B4DD-9BDE5E8C795D}.Release|Any CPU.ActiveCfg = Release|Any CPU
		{EA86BFB7-4E68-49DA-B4DD-9BDE5E8C795D}.Release|Any CPU.Build.0 = Release|Any CPU
	EndGlobalSection
	GlobalSection(SolutionProperties) = preSolution
		HideSolutionNode = FALSE
	EndGlobalSection
	GlobalSection(ExtensibilityGlobals) = postSolution
		SolutionGuid = {DD87B241-ACA0-443C-BD03-DCD9B7FF30E4}
	EndGlobalSection
EndGlobal
